
Microsoft Visual Studio Solution File, Format Version 12.00
# Visual Studio 15
VisualStudioVersion = 15.0.27703.2018
MinimumVisualStudioVersion = 10.0.40219.1
Project("{FAE04EC0-301F-11D3-BF4B-00C04F79EFBC}") = "AD", "AD\AD.csproj", "{CF3BB100-6052-425F-8E1C-9FC9CB677FF9}"
EndProject
Global
	GlobalSection(SolutionConfigurationPlatforms) = preSolution
		Debug|Any CPU = Debug|Any CPU
		Release|Any CPU = Release|Any CPU
	EndGlobalSection
	GlobalSection(ProjectConfigurationPlatforms) = postSolution
		{CF3BB100-6052-425F-8E1C-9FC9CB677FF9}.Debug|Any CPU.ActiveCfg = Debug|Any CPU
		{CF3BB100-6052-425F-8E1C-9FC9CB677FF9}.Debug|Any CPU.Build.0 = Debug|Any CPU
		{CF3BB100-6052-425F-8E1C-9FC9CB677FF9}.Release|Any CPU.ActiveCfg = Release|Any CPU
		{CF3BB100-6052-425F-8E1C-9FC9CB677FF9}.Release|Any CPU.Build.0 = Release|Any CPU
	EndGlobalSection
	GlobalSection(SolutionProperties) = preSolution
		HideSolutionNode = FALSE
	EndGlobalSection
	GlobalSection(ExtensibilityGlobals) = postSolution
		SolutionGuid = {BBFC171D-FFEE-4431-BA5A-C3886A046EB2}
	EndGlobalSection
EndGlobal
